
Microsoft Visual Studio Solution File, Format Version 12.00
# Visual Studio Version 16
VisualStudioVersion = 16.0.30804.86
MinimumVisualStudioVersion = 10.0.40219.1
Project("{9A19103F-16F7-4668-BE54-9A1E7A4F7556}") = "AppointmentsSystem", "AppointmentsSystem\AppointmentsSystem.csproj", "{69F55909-B007-4F81-93B6-9586B6409E3D}"
EndProject
Project("{9A19103F-16F7-4668-BE54-9A1E7A4F7556}") = "DAL", "DAL\DAL.csproj", "{327A34C8-8E67-4F9E-AAEB-E3FF18C876E0}"
EndProject
Project("{9A19103F-16F7-4668-BE54-9A1E7A4F7556}") = "Service", "Service\Service.csproj", "{382C6ADC-FE85-4F8C-A746-371708A6C945}"
EndProject
Project("{FAE04EC0-301F-11D3-BF4B-00C04F79EFBC}") = "BLL", "BLL\BLL.csproj", "{1C68A642-F838-49F4-BF6E-AC4745D111FA}"
EndProject
Global
	GlobalSection(SolutionConfigurationPlatforms) = preSolution
		Debug|Any CPU = Debug|Any CPU
		Release|Any CPU = Release|Any CPU
	EndGlobalSection
	GlobalSection(ProjectConfigurationPlatforms) = postSolution
		{69F55909-B007-4F81-93B6-9586B6409E3D}.Debug|Any CPU.ActiveCfg = Debug|Any CPU
		{69F55909-B007-4F81-93B6-9586B6409E3D}.Debug|Any CPU.Build.0 = Debug|Any CPU
		{69F55909-B007-4F81-93B6-9586B6409E3D}.Release|Any CPU.ActiveCfg = Release|Any CPU
		{69F55909-B007-4F81-93B6-9586B6409E3D}.Release|Any CPU.Build.0 = Release|Any CPU
		{327A34C8-8E67-4F9E-AAEB-E3FF18C876E0}.Debug|Any CPU.ActiveCfg = Debug|Any CPU
		{327A34C8-8E67-4F9E-AAEB-E3FF18C876E0}.Debug|Any CPU.Build.0 = Debug|Any CPU
		{327A34C8-8E67-4F9E-AAEB-E3FF18C876E0}.Release|Any CPU.ActiveCfg = Release|Any CPU
		{327A34C8-8E67-4F9E-AAEB-E3FF18C876E0}.Release|Any CPU.Build.0 = Release|Any CPU
		{382C6ADC-FE85-4F8C-A746-371708A6C945}.Debug|Any CPU.ActiveCfg = Debug|Any CPU
		{382C6ADC-FE85-4F8C-A746-371708A6C945}.Debug|Any CPU.Build.0 = Debug|Any CPU
		{382C6ADC-FE85-4F8C-A746-371708A6C945}.Release|Any CPU.ActiveCfg = Release|Any CPU
		{382C6ADC-FE85-4F8C-A746-371708A6C945}.Release|Any CPU.Build.0 = Release|Any CPU
		{1C68A642-F838-49F4-BF6E-AC4745D111FA}.Debug|Any CPU.ActiveCfg = Debug|Any CPU
		{1C68A642-F838-49F4-BF6E-AC4745D111FA}.Debug|Any CPU.Build.0 = Debug|Any CPU
		{1C68A642-F838-49F4-BF6E-AC4745D111FA}.Release|Any CPU.ActiveCfg = Release|Any CPU
		{1C68A642-F838-49F4-BF6E-AC4745D111FA}.Release|Any CPU.Build.0 = Release|Any CPU
	EndGlobalSection
	GlobalSection(SolutionProperties) = preSolution
		HideSolutionNode = FALSE
	EndGlobalSection
	GlobalSection(ExtensibilityGlobals) = postSolution
		SolutionGuid = {F7E1C936-1BB0-40D6-920A-4F47B8CD31EA}
	EndGlobalSection
EndGlobal
